
Microsoft Visual Studio Solution File, Format Version 12.00
# Visual Studio 2015
Project("{FAE04EC0-301F-11D3-BF4B-00C04F79EFBC}") = "TestApresBug.CSharp", "TestApresBug.CSharp.csproj", "{EB8E8070-A10B-144B-C767-79D129DA990C}"
EndProject
Global
	GlobalSection(SolutionConfigurationPlatforms) = preSolution
		Debug|Any CPU = Debug|Any CPU
		Release|Any CPU = Release|Any CPU
	EndGlobalSection
	GlobalSection(ProjectConfigurationPlatforms) = postSolution
		{EB8E8070-A10B-144B-C767-79D129DA990C}.Debug|Any CPU.ActiveCfg = Debug|Any CPU
		{EB8E8070-A10B-144B-C767-79D129DA990C}.Debug|Any CPU.Build.0 = Debug|Any CPU
		{EB8E8070-A10B-144B-C767-79D129DA990C}.Release|Any CPU.ActiveCfg = Release|Any CPU
		{EB8E8070-A10B-144B-C767-79D129DA990C}.Release|Any CPU.Build.0 = Release|Any CPU
	EndGlobalSection
	GlobalSection(SolutionProperties) = preSolution
		HideSolutionNode = FALSE
	EndGlobalSection
EndGlobal
